
Microsoft Visual Studio Solution File, Format Version 12.00
# Visual Studio Version 16
VisualStudioVersion = 16.0.32413.511
MinimumVisualStudioVersion = 10.0.40219.1
Project("{FAE04EC0-301F-11D3-BF4B-00C04F79EFBC}") = "Inheritance", "Inheritance\Inheritance.csproj", "{B5707149-52A9-4882-8768-47E0F4085037}"
EndProject
Global
	GlobalSection(SolutionConfigurationPlatforms) = preSolution
		Debug|Any CPU = Debug|Any CPU
		Release|Any CPU = Release|Any CPU
	EndGlobalSection
	GlobalSection(ProjectConfigurationPlatforms) = postSolution
		{B5707149-52A9-4882-8768-47E0F4085037}.Debug|Any CPU.ActiveCfg = Debug|Any CPU
		{B5707149-52A9-4882-8768-47E0F4085037}.Debug|Any CPU.Build.0 = Debug|Any CPU
		{B5707149-52A9-4882-8768-47E0F4085037}.Release|Any CPU.ActiveCfg = Release|Any CPU
		{B5707149-52A9-4882-8768-47E0F4085037}.Release|Any CPU.Build.0 = Release|Any CPU
	EndGlobalSection
	GlobalSection(SolutionProperties) = preSolution
		HideSolutionNode = FALSE
	EndGlobalSection
	GlobalSection(ExtensibilityGlobals) = postSolution
		SolutionGuid = {D3719EEB-854A-457C-AC81-9DE603ABB6F6}
	EndGlobalSection
EndGlobal
